
Microsoft Visual Studio Solution File, Format Version 12.00
# Visual Studio 2013
VisualStudioVersion = 12.0.31101.0
MinimumVisualStudioVersion = 10.0.40219.1
Project("{FAE04EC0-301F-11D3-BF4B-00C04F79EFBC}") = "Decorator", "Decorator\Decorator.csproj", "{68352E80-6411-4B5C-8A0E-27EB1BE8F92A}"
EndProject
Project("{2150E333-8FDC-42A3-9474-1A3956D46DE8}") = "DecoratorPattern", "DecoratorPattern", "{7FE8076C-E9BE-429D-8D71-133606ABAC16}"
EndProject
Project("{2150E333-8FDC-42A3-9474-1A3956D46DE8}") = "ProxyPattern", "ProxyPattern", "{415135C1-C2C8-445A-9B18-E302F64CB617}"
EndProject
Project("{FAE04EC0-301F-11D3-BF4B-00C04F79EFBC}") = "Proxy", "Proxy\Proxy.csproj", "{D109DDD7-5FF1-4BE5-9175-6969CB834127}"
EndProject
Project("{2150E333-8FDC-42A3-9474-1A3956D46DE8}") = "BridgePattern", "BridgePattern", "{E9842A1F-227A-4372-B3B3-C35590DB62DE}"
EndProject
Project("{FAE04EC0-301F-11D3-BF4B-00C04F79EFBC}") = "Bridge", "Bridge\Bridge.csproj", "{BFD94A38-A5C1-4585-BB5C-A65C6ACD8AAD}"
EndProject
Project("{2150E333-8FDC-42A3-9474-1A3956D46DE8}") = "AdapterPattern", "AdapterPattern", "{ACF00C34-EC2B-4954-961C-4C90219B4A05}"
EndProject
Project("{FAE04EC0-301F-11D3-BF4B-00C04F79EFBC}") = "Adapter", "Adapter\Adapter.csproj", "{18FC8C28-E3BD-493F-BC2D-47B3313BB9E1}"
EndProject
Project("{FAE04EC0-301F-11D3-BF4B-00C04F79EFBC}") = "PluggableAdapter", "PluggableAdapter\PluggableAdapter.csproj", "{34BE290C-EDD6-4664-811D-093A580278C0}"
EndProject
Project("{2150E333-8FDC-42A3-9474-1A3956D46DE8}") = "FacadePattern", "FacadePattern", "{B69A8962-9C72-4F4D-8279-58168258FAB5}"
EndProject
Project("{FAE04EC0-301F-11D3-BF4B-00C04F79EFBC}") = "Facade", "Facade\Facade.csproj", "{0656BF28-1B73-4119-A2A2-E414F8B81C26}"
EndProject
Project("{2150E333-8FDC-42A3-9474-1A3956D46DE8}") = "PrototypePattern", "PrototypePattern", "{DFB97254-FE27-40C9-A802-0A65572F68C9}"
EndProject
Project("{FAE04EC0-301F-11D3-BF4B-00C04F79EFBC}") = "PrototypePattern", "PrototypePattern\PrototypePattern.csproj", "{E156F225-35D2-4463-A72A-1401383A6637}"
EndProject
Project("{2150E333-8FDC-42A3-9474-1A3956D46DE8}") = "FactoryMethodPattern", "FactoryMethodPattern", "{98004774-AC61-41F2-A1F7-9304445DE8A4}"
EndProject
Project("{FAE04EC0-301F-11D3-BF4B-00C04F79EFBC}") = "FactoryMethod", "FactoryMethod\FactoryMethod.csproj", "{4A1004C6-3EE5-40B4-9C58-85C54B82916C}"
EndProject
Project("{2150E333-8FDC-42A3-9474-1A3956D46DE8}") = "SingletonPattern", "SingletonPattern", "{5A3458BD-4BB4-400F-9471-83C1AD6E5940}"
EndProject
Project("{FAE04EC0-301F-11D3-BF4B-00C04F79EFBC}") = "Singleton", "Singleton\Singleton.csproj", "{EC4D0FF4-0437-4DB1-A7D0-F0101D479612}"
EndProject
Project("{2150E333-8FDC-42A3-9474-1A3956D46DE8}") = "BuilderPattern", "BuilderPattern", "{4E4D01BD-D27F-4C5C-8FBD-CBE7C23AF7EA}"
EndProject
Project("{FAE04EC0-301F-11D3-BF4B-00C04F79EFBC}") = "Builder", "Builder\Builder.csproj", "{4E337FB4-3954-480C-B4F1-8D038B3F8A74}"
EndProject
Project("{2150E333-8FDC-42A3-9474-1A3956D46DE8}") = "StrategyPattern", "StrategyPattern", "{D838CFDD-7BB8-4634-AE29-4B71BC377EA0}"
EndProject
Project("{FAE04EC0-301F-11D3-BF4B-00C04F79EFBC}") = "Strategy", "Strategy\Strategy.csproj", "{1EA15424-F3B6-4337-A8D8-F3B185F9A96D}"
EndProject
Global
	GlobalSection(SolutionConfigurationPlatforms) = preSolution
		Debug|Any CPU = Debug|Any CPU
		Release|Any CPU = Release|Any CPU
	EndGlobalSection
	GlobalSection(ProjectConfigurationPlatforms) = postSolution
		{68352E80-6411-4B5C-8A0E-27EB1BE8F92A}.Debug|Any CPU.ActiveCfg = Debug|Any CPU
		{68352E80-6411-4B5C-8A0E-27EB1BE8F92A}.Debug|Any CPU.Build.0 = Debug|Any CPU
		{68352E80-6411-4B5C-8A0E-27EB1BE8F92A}.Release|Any CPU.ActiveCfg = Release|Any CPU
		{68352E80-6411-4B5C-8A0E-27EB1BE8F92A}.Release|Any CPU.Build.0 = Release|Any CPU
		{D109DDD7-5FF1-4BE5-9175-6969CB834127}.Debug|Any CPU.ActiveCfg = Debug|Any CPU
		{D109DDD7-5FF1-4BE5-9175-6969CB834127}.Debug|Any CPU.Build.0 = Debug|Any CPU
		{D109DDD7-5FF1-4BE5-9175-6969CB834127}.Release|Any CPU.ActiveCfg = Release|Any CPU
		{D109DDD7-5FF1-4BE5-9175-6969CB834127}.Release|Any CPU.Build.0 = Release|Any CPU
		{BFD94A38-A5C1-4585-BB5C-A65C6ACD8AAD}.Debug|Any CPU.ActiveCfg = Debug|Any CPU
		{BFD94A38-A5C1-4585-BB5C-A65C6ACD8AAD}.Debug|Any CPU.Build.0 = Debug|Any CPU
		{BFD94A38-A5C1-4585-BB5C-A65C6ACD8AAD}.Release|Any CPU.ActiveCfg = Release|Any CPU
		{BFD94A38-A5C1-4585-BB5C-A65C6ACD8AAD}.Release|Any CPU.Build.0 = Release|Any CPU
		{18FC8C28-E3BD-493F-BC2D-47B3313BB9E1}.Debug|Any CPU.ActiveCfg = Debug|Any CPU
		{18FC8C28-E3BD-493F-BC2D-47B3313BB9E1}.Debug|Any CPU.Build.0 = Debug|Any CPU
		{18FC8C28-E3BD-493F-BC2D-47B3313BB9E1}.Release|Any CPU.ActiveCfg = Release|Any CPU
		{18FC8C28-E3BD-493F-BC2D-47B3313BB9E1}.Release|Any CPU.Build.0 = Release|Any CPU
		{34BE290C-EDD6-4664-811D-093A580278C0}.Debug|Any CPU.ActiveCfg = Debug|Any CPU
		{34BE290C-EDD6-4664-811D-093A580278C0}.Debug|Any CPU.Build.0 = Debug|Any CPU
		{34BE290C-EDD6-4664-811D-093A580278C0}.Release|Any CPU.ActiveCfg = Release|Any CPU
		{34BE290C-EDD6-4664-811D-093A580278C0}.Release|Any CPU.Build.0 = Release|Any CPU
		{0656BF28-1B73-4119-A2A2-E414F8B81C26}.Debug|Any CPU.ActiveCfg = Debug|Any CPU
		{0656BF28-1B73-4119-A2A2-E414F8B81C26}.Debug|Any CPU.Build.0 = Debug|Any CPU
		{0656BF28-1B73-4119-A2A2-E414F8B81C26}.Release|Any CPU.ActiveCfg = Release|Any CPU
		{0656BF28-1B73-4119-A2A2-E414F8B81C26}.Release|Any CPU.Build.0 = Release|Any CPU
		{E156F225-35D2-4463-A72A-1401383A6637}.Debug|Any CPU.ActiveCfg = Debug|Any CPU
		{E156F225-35D2-4463-A72A-1401383A6637}.Debug|Any CPU.Build.0 = Debug|Any CPU
		{E156F225-35D2-4463-A72A-1401383A6637}.Release|Any CPU.ActiveCfg = Release|Any CPU
		{E156F225-35D2-4463-A72A-1401383A6637}.Release|Any CPU.Build.0 = Release|Any CPU
		{4A1004C6-3EE5-40B4-9C58-85C54B82916C}.Debug|Any CPU.ActiveCfg = Debug|Any CPU
		{4A1004C6-3EE5-40B4-9C58-85C54B82916C}.Debug|Any CPU.Build.0 = Debug|Any CPU
		{4A1004C6-3EE5-40B4-9C58-85C54B82916C}.Release|Any CPU.ActiveCfg = Release|Any CPU
		{4A1004C6-3EE5-40B4-9C58-85C54B82916C}.Release|Any CPU.Build.0 = Release|Any CPU
		{EC4D0FF4-0437-4DB1-A7D0-F0101D479612}.Debug|Any CPU.ActiveCfg = Debug|Any CPU
		{EC4D0FF4-0437-4DB1-A7D0-F0101D479612}.Debug|Any CPU.Build.0 = Debug|Any CPU
		{EC4D0FF4-0437-4DB1-A7D0-F0101D479612}.Release|Any CPU.ActiveCfg = Release|Any CPU
		{EC4D0FF4-0437-4DB1-A7D0-F0101D479612}.Release|Any CPU.Build.0 = Release|Any CPU
		{4E337FB4-3954-480C-B4F1-8D038B3F8A74}.Debug|Any CPU.ActiveCfg = Debug|Any CPU
		{4E337FB4-3954-480C-B4F1-8D038B3F8A74}.Debug|Any CPU.Build.0 = Debug|Any CPU
		{4E337FB4-3954-480C-B4F1-8D038B3F8A74}.Release|Any CPU.ActiveCfg = Release|Any CPU
		{4E337FB4-3954-480C-B4F1-8D038B3F8A74}.Release|Any CPU.Build.0 = Release|Any CPU
		{1EA15424-F3B6-4337-A8D8-F3B185F9A96D}.Debug|Any CPU.ActiveCfg = Debug|Any CPU
		{1EA15424-F3B6-4337-A8D8-F3B185F9A96D}.Debug|Any CPU.Build.0 = Debug|Any CPU
		{1EA15424-F3B6-4337-A8D8-F3B185F9A96D}.Release|Any CPU.ActiveCfg = Release|Any CPU
		{1EA15424-F3B6-4337-A8D8-F3B185F9A96D}.Release|Any CPU.Build.0 = Release|Any CPU
	EndGlobalSection
	GlobalSection(SolutionProperties) = preSolution
		HideSolutionNode = FALSE
	EndGlobalSection
	GlobalSection(NestedProjects) = preSolution
		{68352E80-6411-4B5C-8A0E-27EB1BE8F92A} = {7FE8076C-E9BE-429D-8D71-133606ABAC16}
		{D109DDD7-5FF1-4BE5-9175-6969CB834127} = {415135C1-C2C8-445A-9B18-E302F64CB617}
		{BFD94A38-A5C1-4585-BB5C-A65C6ACD8AAD} = {E9842A1F-227A-4372-B3B3-C35590DB62DE}
		{18FC8C28-E3BD-493F-BC2D-47B3313BB9E1} = {ACF00C34-EC2B-4954-961C-4C90219B4A05}
		{34BE290C-EDD6-4664-811D-093A580278C0} = {ACF00C34-EC2B-4954-961C-4C90219B4A05}
		{0656BF28-1B73-4119-A2A2-E414F8B81C26} = {B69A8962-9C72-4F4D-8279-58168258FAB5}
		{E156F225-35D2-4463-A72A-1401383A6637} = {DFB97254-FE27-40C9-A802-0A65572F68C9}
		{4A1004C6-3EE5-40B4-9C58-85C54B82916C} = {98004774-AC61-41F2-A1F7-9304445DE8A4}
		{EC4D0FF4-0437-4DB1-A7D0-F0101D479612} = {5A3458BD-4BB4-400F-9471-83C1AD6E5940}
		{4E337FB4-3954-480C-B4F1-8D038B3F8A74} = {4E4D01BD-D27F-4C5C-8FBD-CBE7C23AF7EA}
		{1EA15424-F3B6-4337-A8D8-F3B185F9A96D} = {D838CFDD-7BB8-4634-AE29-4B71BC377EA0}
	EndGlobalSection
EndGlobal
